
Microsoft Visual Studio Solution File, Format Version 12.00
# Visual Studio 2013
VisualStudioVersion = 12.0.21005.1
MinimumVisualStudioVersion = 10.0.40219.1
Project("{2150E333-8FDC-42A3-9474-1A3956D46DE8}") = "01-Presentation", "01-Presentation", "{EA23E68D-5854-4998-8454-33B83A371E51}"
EndProject
Project("{2150E333-8FDC-42A3-9474-1A3956D46DE8}") = "02-Business", "02-Business", "{069DCDA3-6F3D-43B8-BE4A-C30AFC97C85E}"
EndProject
Project("{2150E333-8FDC-42A3-9474-1A3956D46DE8}") = "03-Data", "03-Data", "{37725B35-ABF2-4BD5-897A-19A66427A4BD}"
EndProject
Project("{FAE04EC0-301F-11D3-BF4B-00C04F79EFBC}") = "Eddyt.Blog.Web", "Eddyt.Blog.Web\Eddyt.Blog.Web.csproj", "{D0E475C1-4749-42E9-878B-674E0E551F85}"
EndProject
Project("{FAE04EC0-301F-11D3-BF4B-00C04F79EFBC}") = "Eddyt.Blog.Web.Tests", "Eddyt.Blog.Web.Tests\Eddyt.Blog.Web.Tests.csproj", "{FCB88EC0-C3C5-41A9-BBD7-78428F6BFD23}"
EndProject
Project("{FAE04EC0-301F-11D3-BF4B-00C04F79EFBC}") = "Eddyt.Blog.Business", "Eddyt.Blog.Business\Eddyt.Blog.Business.csproj", "{F5DC0847-CF7E-47E7-9908-CF80E7D8C0C4}"
EndProject
Project("{FAE04EC0-301F-11D3-BF4B-00C04F79EFBC}") = "Eddyt.Blog.Data", "Eddyt.Blog.Data\Eddyt.Blog.Data.csproj", "{FF28FDD2-7D00-4DDC-8242-B79749B9F2D6}"
EndProject
Project("{FAE04EC0-301F-11D3-BF4B-00C04F79EFBC}") = "Eddyt.Blog.Admin", "Eddyt.Blog.Admin\Eddyt.Blog.Admin.csproj", "{E9B7E29A-3938-46DE-A14F-4D224C76A381}"
EndProject
Project("{2150E333-8FDC-42A3-9474-1A3956D46DE8}") = ".nuget", ".nuget", "{7C50298A-CAE9-4EB6-BA4F-E74DAFD8DD17}"
	ProjectSection(SolutionItems) = preProject
		.nuget\NuGet.Config = .nuget\NuGet.Config
		.nuget\NuGet.exe = .nuget\NuGet.exe
		.nuget\NuGet.targets = .nuget\NuGet.targets
	EndProjectSection
EndProject
Global
	GlobalSection(SolutionConfigurationPlatforms) = preSolution
		Debug|Any CPU = Debug|Any CPU
		Release|Any CPU = Release|Any CPU
	EndGlobalSection
	GlobalSection(ProjectConfigurationPlatforms) = postSolution
		{D0E475C1-4749-42E9-878B-674E0E551F85}.Debug|Any CPU.ActiveCfg = Debug|Any CPU
		{D0E475C1-4749-42E9-878B-674E0E551F85}.Debug|Any CPU.Build.0 = Debug|Any CPU
		{D0E475C1-4749-42E9-878B-674E0E551F85}.Release|Any CPU.ActiveCfg = Release|Any CPU
		{D0E475C1-4749-42E9-878B-674E0E551F85}.Release|Any CPU.Build.0 = Release|Any CPU
		{FCB88EC0-C3C5-41A9-BBD7-78428F6BFD23}.Debug|Any CPU.ActiveCfg = Debug|Any CPU
		{FCB88EC0-C3C5-41A9-BBD7-78428F6BFD23}.Debug|Any CPU.Build.0 = Debug|Any CPU
		{FCB88EC0-C3C5-41A9-BBD7-78428F6BFD23}.Release|Any CPU.ActiveCfg = Release|Any CPU
		{FCB88EC0-C3C5-41A9-BBD7-78428F6BFD23}.Release|Any CPU.Build.0 = Release|Any CPU
		{F5DC0847-CF7E-47E7-9908-CF80E7D8C0C4}.Debug|Any CPU.ActiveCfg = Debug|Any CPU
		{F5DC0847-CF7E-47E7-9908-CF80E7D8C0C4}.Debug|Any CPU.Build.0 = Debug|Any CPU
		{F5DC0847-CF7E-47E7-9908-CF80E7D8C0C4}.Release|Any CPU.ActiveCfg = Release|Any CPU
		{F5DC0847-CF7E-47E7-9908-CF80E7D8C0C4}.Release|Any CPU.Build.0 = Release|Any CPU
		{FF28FDD2-7D00-4DDC-8242-B79749B9F2D6}.Debug|Any CPU.ActiveCfg = Debug|Any CPU
		{FF28FDD2-7D00-4DDC-8242-B79749B9F2D6}.Debug|Any CPU.Build.0 = Debug|Any CPU
		{FF28FDD2-7D00-4DDC-8242-B79749B9F2D6}.Release|Any CPU.ActiveCfg = Release|Any CPU
		{FF28FDD2-7D00-4DDC-8242-B79749B9F2D6}.Release|Any CPU.Build.0 = Release|Any CPU
		{E9B7E29A-3938-46DE-A14F-4D224C76A381}.Debug|Any CPU.ActiveCfg = Debug|Any CPU
		{E9B7E29A-3938-46DE-A14F-4D224C76A381}.Debug|Any CPU.Build.0 = Debug|Any CPU
		{E9B7E29A-3938-46DE-A14F-4D224C76A381}.Release|Any CPU.ActiveCfg = Release|Any CPU
		{E9B7E29A-3938-46DE-A14F-4D224C76A381}.Release|Any CPU.Build.0 = Release|Any CPU
	EndGlobalSection
	GlobalSection(SolutionProperties) = preSolution
		HideSolutionNode = FALSE
	EndGlobalSection
	GlobalSection(NestedProjects) = preSolution
		{D0E475C1-4749-42E9-878B-674E0E551F85} = {EA23E68D-5854-4998-8454-33B83A371E51}
		{FCB88EC0-C3C5-41A9-BBD7-78428F6BFD23} = {EA23E68D-5854-4998-8454-33B83A371E51}
		{E9B7E29A-3938-46DE-A14F-4D224C76A381} = {EA23E68D-5854-4998-8454-33B83A371E51}
		{F5DC0847-CF7E-47E7-9908-CF80E7D8C0C4} = {069DCDA3-6F3D-43B8-BE4A-C30AFC97C85E}
		{FF28FDD2-7D00-4DDC-8242-B79749B9F2D6} = {37725B35-ABF2-4BD5-897A-19A66427A4BD}
	EndGlobalSection
EndGlobal
